
Microsoft Visual Studio Solution File, Format Version 12.00
# Visual Studio Version 16
VisualStudioVersion = 16.0.30517.126
MinimumVisualStudioVersion = 10.0.40219.1
Project("{FAE04EC0-301F-11D3-BF4B-00C04F79EFBC}") = "NUnitTestProjectAPITest", "NUnitTestProjectAPITest.csproj", "{252E32A0-4E61-4AB4-B33B-16865CD94871}"
EndProject
Global
	GlobalSection(SolutionConfigurationPlatforms) = preSolution
		Debug|Any CPU = Debug|Any CPU
		Release|Any CPU = Release|Any CPU
	EndGlobalSection
	GlobalSection(ProjectConfigurationPlatforms) = postSolution
		{252E32A0-4E61-4AB4-B33B-16865CD94871}.Debug|Any CPU.ActiveCfg = Debug|Any CPU
		{252E32A0-4E61-4AB4-B33B-16865CD94871}.Debug|Any CPU.Build.0 = Debug|Any CPU
		{252E32A0-4E61-4AB4-B33B-16865CD94871}.Release|Any CPU.ActiveCfg = Release|Any CPU
		{252E32A0-4E61-4AB4-B33B-16865CD94871}.Release|Any CPU.Build.0 = Release|Any CPU
	EndGlobalSection
	GlobalSection(SolutionProperties) = preSolution
		HideSolutionNode = FALSE
	EndGlobalSection
	GlobalSection(ExtensibilityGlobals) = postSolution
		SolutionGuid = {0B31904E-7D26-403C-8B4F-E01FB3623703}
	EndGlobalSection
EndGlobal
